
Microsoft Visual Studio Solution File, Format Version 12.00
# Visual Studio Version 16
VisualStudioVersion = 16.0.29123.89
MinimumVisualStudioVersion = 10.0.40219.1
Project("{9A19103F-16F7-4668-BE54-9A1E7A4F7556}") = "DissonanceFramework", "Src\DissonanceFramework.csproj", "{EE9CBFBE-2F2E-4557-B36C-A6119083A223}"
EndProject
Project("{9A19103F-16F7-4668-BE54-9A1E7A4F7556}") = "Tests", "Tests\Tests.csproj", "{1F381DA8-3423-4887-9EA5-5697DC6B2328}"
EndProject
Global
	GlobalSection(SolutionConfigurationPlatforms) = preSolution
		LinuxDebug|x64 = LinuxDebug|x64
		MacDebug|x64 = MacDebug|x64
		Release|x64 = Release|x64
		WindowsDebug|x64 = WindowsDebug|x64
	EndGlobalSection
	GlobalSection(ProjectConfigurationPlatforms) = postSolution
		{EE9CBFBE-2F2E-4557-B36C-A6119083A223}.LinuxDebug|x64.ActiveCfg = Debug|x64
		{EE9CBFBE-2F2E-4557-B36C-A6119083A223}.LinuxDebug|x64.Build.0 = Debug|x64
		{EE9CBFBE-2F2E-4557-B36C-A6119083A223}.MacDebug|x64.ActiveCfg = Debug|x64
		{EE9CBFBE-2F2E-4557-B36C-A6119083A223}.MacDebug|x64.Build.0 = Debug|x64
		{EE9CBFBE-2F2E-4557-B36C-A6119083A223}.Release|x64.ActiveCfg = Release|x64
		{EE9CBFBE-2F2E-4557-B36C-A6119083A223}.Release|x64.Build.0 = Release|x64
		{EE9CBFBE-2F2E-4557-B36C-A6119083A223}.WindowsDebug|x64.ActiveCfg = Debug|x64
		{EE9CBFBE-2F2E-4557-B36C-A6119083A223}.WindowsDebug|x64.Build.0 = Debug|x64
		{1F381DA8-3423-4887-9EA5-5697DC6B2328}.LinuxDebug|x64.ActiveCfg = Linux|x64
		{1F381DA8-3423-4887-9EA5-5697DC6B2328}.LinuxDebug|x64.Build.0 = Linux|x64
		{1F381DA8-3423-4887-9EA5-5697DC6B2328}.MacDebug|x64.ActiveCfg = Windows|x64
		{1F381DA8-3423-4887-9EA5-5697DC6B2328}.MacDebug|x64.Build.0 = Windows|x64
		{1F381DA8-3423-4887-9EA5-5697DC6B2328}.Release|x64.ActiveCfg = Windows|x64
		{1F381DA8-3423-4887-9EA5-5697DC6B2328}.Release|x64.Build.0 = Windows|x64
		{1F381DA8-3423-4887-9EA5-5697DC6B2328}.WindowsDebug|x64.ActiveCfg = Windows|x64
		{1F381DA8-3423-4887-9EA5-5697DC6B2328}.WindowsDebug|x64.Build.0 = Windows|x64
	EndGlobalSection
	GlobalSection(SolutionProperties) = preSolution
		HideSolutionNode = FALSE
	EndGlobalSection
	GlobalSection(ExtensibilityGlobals) = postSolution
		SolutionGuid = {16BD7B80-47BF-47DD-A32B-F2AD7454658D}
	EndGlobalSection
EndGlobal
